
Microsoft Visual Studio Solution File, Format Version 12.00
# Visual Studio Version 17
VisualStudioVersion = 17.13.35931.197 d17.13
MinimumVisualStudioVersion = 10.0.40219.1
Project("{FAE04EC0-301F-11D3-BF4B-00C04F79EFBC}") = "admitere-facultate-C#", "admitere-facultate-C#.csproj", "{66D77565-955A-4BDB-83D5-60B378B9D640}"
EndProject
Global
	GlobalSection(SolutionConfigurationPlatforms) = preSolution
		Debug|Any CPU = Debug|Any CPU
		Release|Any CPU = Release|Any CPU
	EndGlobalSection
	GlobalSection(ProjectConfigurationPlatforms) = postSolution
		{66D77565-955A-4BDB-83D5-60B378B9D640}.Debug|Any CPU.ActiveCfg = Debug|Any CPU
		{66D77565-955A-4BDB-83D5-60B378B9D640}.Debug|Any CPU.Build.0 = Debug|Any CPU
		{66D77565-955A-4BDB-83D5-60B378B9D640}.Release|Any CPU.ActiveCfg = Release|Any CPU
		{66D77565-955A-4BDB-83D5-60B378B9D640}.Release|Any CPU.Build.0 = Release|Any CPU
	EndGlobalSection
	GlobalSection(SolutionProperties) = preSolution
		HideSolutionNode = FALSE
	EndGlobalSection
	GlobalSection(ExtensibilityGlobals) = postSolution
		SolutionGuid = {EBE37948-703F-4367-A5F8-C50339693670}
	EndGlobalSection
EndGlobal
